// !$*UTF8*$!
{
	archiveVersion = 1;
	classes = {
	};
	objectVersion = 55;
	objects = {

/* Begin PBXBuildFile section */
		BE405FF4C704B10B2DCFF8CF /* Pods_LittlePinkBook.framework in Frameworks */ = {isa = PBXBuildFile; fileRef = 98A6DF9932959FB7DB009578 /* Pods_LittlePinkBook.framework */; };
		D231D8ED2826502D008238F2 /* HomeViewController.swift in Sources */ = {isa = PBXBuildFile; fileRef = D231D8EC2826502D008238F2 /* HomeViewController.swift */; };
		D231D8EF282678CF008238F2 /* FollowViewController.swift in Sources */ = {isa = PBXBuildFile; fileRef = D231D8EE282678CF008238F2 /* FollowViewController.swift */; };
		D231D8F1282678EE008238F2 /* DiscoveryViewController.swift in Sources */ = {isa = PBXBuildFile; fileRef = D231D8F0282678EE008238F2 /* DiscoveryViewController.swift */; };
		D231D8F3282678FC008238F2 /* NearByViewController.swift in Sources */ = {isa = PBXBuildFile; fileRef = D231D8F2282678FC008238F2 /* NearByViewController.swift */; };
		D231D8F528267E73008238F2 /* Constants.swift in Sources */ = {isa = PBXBuildFile; fileRef = D231D8F428267E73008238F2 /* Constants.swift */; };
		D288269F28200934004DBC8F /* AppDelegate.swift in Sources */ = {isa = PBXBuildFile; fileRef = D288269E28200934004DBC8F /* AppDelegate.swift */; };
		D28826A128200934004DBC8F /* SceneDelegate.swift in Sources */ = {isa = PBXBuildFile; fileRef = D28826A028200934004DBC8F /* SceneDelegate.swift */; };
		D28826A328200934004DBC8F /* ViewController.swift in Sources */ = {isa = PBXBuildFile; fileRef = D28826A228200934004DBC8F /* ViewController.swift */; };
		D28826A628200934004DBC8F /* Main.storyboard in Resources */ = {isa = PBXBuildFile; fileRef = D28826A428200934004DBC8F /* Main.storyboard */; };
		D28826A928200934004DBC8F /* LittlePinkBook.xcdatamodeld in Sources */ = {isa = PBXBuildFile; fileRef = D28826A728200934004DBC8F /* LittlePinkBook.xcdatamodeld */; };
		D28826AB28200935004DBC8F /* Assets.xcassets in Resources */ = {isa = PBXBuildFile; fileRef = D28826AA28200935004DBC8F /* Assets.xcassets */; };
		D28826AE28200935004DBC8F /* LaunchScreen.storyboard in Resources */ = {isa = PBXBuildFile; fileRef = D28826AC28200935004DBC8F /* LaunchScreen.storyboard */; };
		D28826B628210C7B004DBC8F /* TabBar.swift in Sources */ = {isa = PBXBuildFile; fileRef = D28826B528210C7B004DBC8F /* TabBar.swift */; };
		D28826B828210FAE004DBC8F /* NavigationBar.swift in Sources */ = {isa = PBXBuildFile; fileRef = D28826B728210FAE004DBC8F /* NavigationBar.swift */; };
/* End PBXBuildFile section */

/* Begin PBXFileReference section */
		11676FAC28BF1FD321E6737C /* Pods-LittlePinkBook.debug.xcconfig */ = {isa = PBXFileReference; includeInIndex = 1; lastKnownFileType = text.xcconfig; name = "Pods-LittlePinkBook.debug.xcconfig"; path = "Target Support Files/Pods-LittlePinkBook/Pods-LittlePinkBook.debug.xcconfig"; sourceTree = "<group>"; };
		98A6DF9932959FB7DB009578 /* Pods_LittlePinkBook.framework */ = {isa = PBXFileReference; explicitFileType = wrapper.framework; includeInIndex = 0; path = Pods_LittlePinkBook.framework; sourceTree = BUILT_PRODUCTS_DIR; };
		D231D8EC2826502D008238F2 /* HomeViewController.swift */ = {isa = PBXFileReference; lastKnownFileType = sourcecode.swift; path = HomeViewController.swift; sourceTree = "<group>"; };
		D231D8EE282678CF008238F2 /* FollowViewController.swift */ = {isa = PBXFileReference; lastKnownFileType = sourcecode.swift; path = FollowViewController.swift; sourceTree = "<group>"; };
		D231D8F0282678EE008238F2 /* DiscoveryViewController.swift */ = {isa = PBXFileReference; lastKnownFileType = sourcecode.swift; path = DiscoveryViewController.swift; sourceTree = "<group>"; };
		D231D8F2282678FC008238F2 /* NearByViewController.swift */ = {isa = PBXFileReference; lastKnownFileType = sourcecode.swift; path = NearByViewController.swift; sourceTree = "<group>"; };
		D231D8F428267E73008238F2 /* Constants.swift */ = {isa = PBXFileReference; lastKnownFileType = sourcecode.swift; path = Constants.swift; sourceTree = "<group>"; };
		D288269B28200934004DBC8F /* LittlePinkBook.app */ = {isa = PBXFileReference; explicitFileType = wrapper.application; includeInIndex = 0; path = LittlePinkBook.app; sourceTree = BUILT_PRODUCTS_DIR; };
		D288269E28200934004DBC8F /* AppDelegate.swift */ = {isa = PBXFileReference; lastKnownFileType = sourcecode.swift; path = AppDelegate.swift; sourceTree = "<group>"; };
		D28826A028200934004DBC8F /* SceneDelegate.swift */ = {isa = PBXFileReference; lastKnownFileType = sourcecode.swift; path = SceneDelegate.swift; sourceTree = "<group>"; };
		D28826A228200934004DBC8F /* ViewController.swift */ = {isa = PBXFileReference; lastKnownFileType = sourcecode.swift; path = ViewController.swift; sourceTree = "<group>"; };
		D28826A528200934004DBC8F /* Base */ = {isa = PBXFileReference; lastKnownFileType = file.storyboard; name = Base; path = Base.lproj/Main.storyboard; sourceTree = "<group>"; };
		D28826A828200934004DBC8F /* LittlePinkBook.xcdatamodel */ = {isa = PBXFileReference; lastKnownFileType = wrapper.xcdatamodel; path = LittlePinkBook.xcdatamodel; sourceTree = "<group>"; };
		D28826AA28200935004DBC8F /* Assets.xcassets */ = {isa = PBXFileReference; lastKnownFileType = folder.assetcatalog; path = Assets.xcassets; sourceTree = "<group>"; };
		D28826AD28200935004DBC8F /* Base */ = {isa = PBXFileReference; lastKnownFileType = file.storyboard; name = Base; path = Base.lproj/LaunchScreen.storyboard; sourceTree = "<group>"; };
		D28826AF28200935004DBC8F /* Info.plist */ = {isa = PBXFileReference; lastKnownFileType = text.plist.xml; path = Info.plist; sourceTree = "<group>"; };
		D28826B528210C7B004DBC8F /* TabBar.swift */ = {isa = PBXFileReference; lastKnownFileType = sourcecode.swift; path = TabBar.swift; sourceTree = "<group>"; };
		D28826B728210FAE004DBC8F /* NavigationBar.swift */ = {isa = PBXFileReference; lastKnownFileType = sourcecode.swift; path = NavigationBar.swift; sourceTree = "<group>"; };
		F6BEF428D620D74F8C98D41F /* Pods-LittlePinkBook.release.xcconfig */ = {isa = PBXFileReference; includeInIndex = 1; lastKnownFileType = text.xcconfig; name = "Pods-LittlePinkBook.release.xcconfig"; path = "Target Support Files/Pods-LittlePinkBook/Pods-LittlePinkBook.release.xcconfig"; sourceTree = "<group>"; };
/* End PBXFileReference section */

/* Begin PBXFrameworksBuildPhase section */
		D288269828200934004DBC8F /* Frameworks */ = {
			isa = PBXFrameworksBuildPhase;
			buildActionMask = 2147483647;
			files = (
				BE405FF4C704B10B2DCFF8CF /* Pods_LittlePinkBook.framework in Frameworks */,
			);
			runOnlyForDeploymentPostprocessing = 0;
		};
/* End PBXFrameworksBuildPhase section */

/* Begin PBXGroup section */
		3D230CE45B252D9BB4786AFA /* Frameworks */ = {
			isa = PBXGroup;
			children = (
				98A6DF9932959FB7DB009578 /* Pods_LittlePinkBook.framework */,
			);
			name = Frameworks;
			sourceTree = "<group>";
		};
		C354B4907F8280E9DD1A2EF3 /* Pods */ = {
			isa = PBXGroup;
			children = (
				11676FAC28BF1FD321E6737C /* Pods-LittlePinkBook.debug.xcconfig */,
				F6BEF428D620D74F8C98D41F /* Pods-LittlePinkBook.release.xcconfig */,
			);
			path = Pods;
			sourceTree = "<group>";
		};
		D288269228200934004DBC8F = {
			isa = PBXGroup;
			children = (
				D288269D28200934004DBC8F /* LittlePinkBook */,
				D288269C28200934004DBC8F /* Products */,
				C354B4907F8280E9DD1A2EF3 /* Pods */,
				3D230CE45B252D9BB4786AFA /* Frameworks */,
			);
			sourceTree = "<group>";
		};
		D288269C28200934004DBC8F /* Products */ = {
			isa = PBXGroup;
			children = (
				D288269B28200934004DBC8F /* LittlePinkBook.app */,
			);
			name = Products;
			sourceTree = "<group>";
		};
		D288269D28200934004DBC8F /* LittlePinkBook */ = {
			isa = PBXGroup;
			children = (
				D288269E28200934004DBC8F /* AppDelegate.swift */,
				D28826A028200934004DBC8F /* SceneDelegate.swift */,
				D28826A228200934004DBC8F /* ViewController.swift */,
				D28826B528210C7B004DBC8F /* TabBar.swift */,
				D28826B728210FAE004DBC8F /* NavigationBar.swift */,
				D231D8EC2826502D008238F2 /* HomeViewController.swift */,
				D231D8F0282678EE008238F2 /* DiscoveryViewController.swift */,
				D28826A428200934004DBC8F /* Main.storyboard */,
				D28826AA28200935004DBC8F /* Assets.xcassets */,
				D28826AC28200935004DBC8F /* LaunchScreen.storyboard */,
				D28826AF28200935004DBC8F /* Info.plist */,
				D28826A728200934004DBC8F /* LittlePinkBook.xcdatamodeld */,
				D231D8EE282678CF008238F2 /* FollowViewController.swift */,
				D231D8F2282678FC008238F2 /* NearByViewController.swift */,
				D231D8F428267E73008238F2 /* Constants.swift */,
			);
			path = LittlePinkBook;
			sourceTree = "<group>";
		};
/* End PBXGroup section */

/* Begin PBXNativeTarget section */
		D288269A28200934004DBC8F /* LittlePinkBook */ = {
			isa = PBXNativeTarget;
			buildConfigurationList = D28826B228200935004DBC8F /* Build configuration list for PBXNativeTarget "LittlePinkBook" */;
			buildPhases = (
				8E4DAB710BF7973B42F13BE1 /* [CP] Check Pods Manifest.lock */,
				D288269728200934004DBC8F /* Sources */,
				D288269828200934004DBC8F /* Frameworks */,
				D288269928200934004DBC8F /* Resources */,
				1CAD4473F0EFCA2B3FE48AFB /* [CP] Embed Pods Frameworks */,
			);
			buildRules = (
			);
			dependencies = (
			);
			name = LittlePinkBook;
			productName = LittlePinkBook;
			productReference = D288269B28200934004DBC8F /* LittlePinkBook.app */;
			productType = "com.apple.product-type.application";
		};
/* End PBXNativeTarget section */

/* Begin PBXProject section */
		D288269328200934004DBC8F /* Project object */ = {
			isa = PBXProject;
			attributes = {
				BuildIndependentTargetsInParallel = 1;
				LastSwiftUpdateCheck = 1330;
				LastUpgradeCheck = 1330;
				TargetAttributes = {
					D288269A28200934004DBC8F = {
						CreatedOnToolsVersion = 13.3;
					};
				};
			};
			buildConfigurationList = D288269628200934004DBC8F /* Build configuration list for PBXProject "LittlePinkBook" */;
			compatibilityVersion = "Xcode 13.0";
			developmentRegion = en;
			hasScannedForEncodings = 0;
			knownRegions = (
				en,
				Base,
			);
			mainGroup = D288269228200934004DBC8F;
			productRefGroup = D288269C28200934004DBC8F /* Products */;
			projectDirPath = "";
			projectRoot = "";
			targets = (
				D288269A28200934004DBC8F /* LittlePinkBook */,
			);
		};
/* End PBXProject section */

/* Begin PBXResourcesBuildPhase section */
		D288269928200934004DBC8F /* Resources */ = {
			isa = PBXResourcesBuildPhase;
			buildActionMask = 2147483647;
			files = (
				D28826AE28200935004DBC8F /* LaunchScreen.storyboard in Resources */,
				D28826AB28200935004DBC8F /* Assets.xcassets in Resources */,
				D28826A628200934004DBC8F /* Main.storyboard in Resources */,
			);
			runOnlyForDeploymentPostprocessing = 0;
		};
/* End PBXResourcesBuildPhase section */

/* Begin PBXShellScriptBuildPhase section */
		1CAD4473F0EFCA2B3FE48AFB /* [CP] Embed Pods Frameworks */ = {
			isa = PBXShellScriptBuildPhase;
			buildActionMask = 2147483647;
			files = (
			);
			inputFileListPaths = (
				"${PODS_ROOT}/Target Support Files/Pods-LittlePinkBook/Pods-LittlePinkBook-frameworks-${CONFIGURATION}-input-files.xcfilelist",
			);
			name = "[CP] Embed Pods Frameworks";
			outputFileListPaths = (
				"${PODS_ROOT}/Target Support Files/Pods-LittlePinkBook/Pods-LittlePinkBook-frameworks-${CONFIGURATION}-output-files.xcfilelist",
			);
			runOnlyForDeploymentPostprocessing = 0;
			shellPath = /bin/sh;
			shellScript = "\"${PODS_ROOT}/Target Support Files/Pods-LittlePinkBook/Pods-LittlePinkBook-frameworks.sh\"\n";
			showEnvVarsInLog = 0;
		};
		8E4DAB710BF7973B42F13BE1 /* [CP] Check Pods Manifest.lock */ = {
			isa = PBXShellScriptBuildPhase;
			buildActionMask = 2147483647;
			files = (
			);
			inputFileListPaths = (
			);
			inputPaths = (
				"${PODS_PODFILE_DIR_PATH}/Podfile.lock",
				"${PODS_ROOT}/Manifest.lock",
			);
			name = "[CP] Check Pods Manifest.lock";
			outputFileListPaths = (
			);
			outputPaths = (
				"$(DERIVED_FILE_DIR)/Pods-LittlePinkBook-checkManifestLockResult.txt",
			);
			runOnlyForDeploymentPostprocessing = 0;
			shellPath = /bin/sh;
			shellScript = "diff \"${PODS_PODFILE_DIR_PATH}/Podfile.lock\" \"${PODS_ROOT}/Manifest.lock\" > /dev/null\nif [ $? != 0 ] ; then\n    # print error to STDERR\n    echo \"error: The sandbox is not in sync with the Podfile.lock. Run 'pod install' or update your CocoaPods installation.\" >&2\n    exit 1\nfi\n# This output is used by Xcode 'outputs' to avoid re-running this script phase.\necho \"SUCCESS\" > \"${SCRIPT_OUTPUT_FILE_0}\"\n";
			showEnvVarsInLog = 0;
		};
/* End PBXShellScriptBuildPhase section */

/* Begin PBXSourcesBuildPhase section */
		D288269728200934004DBC8F /* Sources */ = {
			isa = PBXSourcesBuildPhase;
			buildActionMask = 2147483647;
			files = (
				D28826A328200934004DBC8F /* ViewController.swift in Sources */,
				D231D8F528267E73008238F2 /* Constants.swift in Sources */,
				D231D8F1282678EE008238F2 /* DiscoveryViewController.swift in Sources */,
				D288269F28200934004DBC8F /* AppDelegate.swift in Sources */,
				D28826A928200934004DBC8F /* LittlePinkBook.xcdatamodeld in Sources */,
				D28826A128200934004DBC8F /* SceneDelegate.swift in Sources */,
				D28826B628210C7B004DBC8F /* TabBar.swift in Sources */,
				D231D8ED2826502D008238F2 /* HomeViewController.swift in Sources */,
				D28826B828210FAE004DBC8F /* NavigationBar.swift in Sources */,
				D231D8EF282678CF008238F2 /* FollowViewController.swift in Sources */,
				D231D8F3282678FC008238F2 /* NearByViewController.swift in Sources */,
			);
			runOnlyForDeploymentPostprocessing = 0;
		};
/* End PBXSourcesBuildPhase section */

/* Begin PBXVariantGroup section */
		D28826A428200934004DBC8F /* Main.storyboard */ = {
			isa = PBXVariantGroup;
			children = (
				D28826A528200934004DBC8F /* Base */,
			);
			name = Main.storyboard;
			sourceTree = "<group>";
		};
		D28826AC28200935004DBC8F /* LaunchScreen.storyboard */ = {
			isa = PBXVariantGroup;
			children = (
				D28826AD28200935004DBC8F /* Base */,
			);
			name = LaunchScreen.storyboard;
			sourceTree = "<group>";
		};
/* End PBXVariantGroup section */

/* Begin XCBuildConfiguration section */
		D28826B028200935004DBC8F /* Debug */ = {
			isa = XCBuildConfiguration;
			buildSettings = {
				ALWAYS_SEARCH_USER_PATHS = NO;
				CLANG_ANALYZER_NONNULL = YES;
				CLANG_ANALYZER_NUMBER_OBJECT_CONVERSION = YES_AGGRESSIVE;
				CLANG_CXX_LANGUAGE_STANDARD = "gnu++17";
				CLANG_ENABLE_MODULES = YES;
				CLANG_ENABLE_OBJC_ARC = YES;
				CLANG_ENABLE_OBJC_WEAK = YES;
				CLANG_WARN_BLOCK_CAPTURE_AUTORELEASING = YES;
				CLANG_WARN_BOOL_CONVERSION = YES;
				CLANG_WARN_COMMA = YES;
				CLANG_WARN_CONSTANT_CONVERSION = YES;
				CLANG_WARN_DEPRECATED_OBJC_IMPLEMENTATIONS = YES;
				CLANG_WARN_DIRECT_OBJC_ISA_USAGE = YES_ERROR;
				CLANG_WARN_DOCUMENTATION_COMMENTS = YES;
				CLANG_WARN_EMPTY_BODY = YES;
				CLANG_WARN_ENUM_CONVERSION = YES;
				CLANG_WARN_INFINITE_RECURSION = YES;
				CLANG_WARN_INT_CONVERSION = YES;
				CLANG_WARN_NON_LITERAL_NULL_CONVERSION = YES;
				CLANG_WARN_OBJC_IMPLICIT_RETAIN_SELF = YES;
				CLANG_WARN_OBJC_LITERAL_CONVERSION = YES;
				CLANG_WARN_OBJC_ROOT_CLASS = YES_ERROR;
				CLANG_WARN_QUOTED_INCLUDE_IN_FRAMEWORK_HEADER = YES;
				CLANG_WARN_RANGE_LOOP_ANALYSIS = YES;
				CLANG_WARN_STRICT_PROTOTYPES = YES;
				CLANG_WARN_SUSPICIOUS_MOVE = YES;
				CLANG_WARN_UNGUARDED_AVAILABILITY = YES_AGGRESSIVE;
				CLANG_WARN_UNREACHABLE_CODE = YES;
				CLANG_WARN__DUPLICATE_METHOD_MATCH = YES;
				COPY_PHASE_STRIP = NO;
				DEBUG_INFORMATION_FORMAT = dwarf;
				ENABLE_STRICT_OBJC_MSGSEND = YES;
				ENABLE_TESTABILITY = YES;
				GCC_C_LANGUAGE_STANDARD = gnu11;
				GCC_DYNAMIC_NO_PIC = NO;
				GCC_NO_COMMON_BLOCKS = YES;
				GCC_OPTIMIZATION_LEVEL = 0;
				GCC_PREPROCESSOR_DEFINITIONS = (
					"DEBUG=1",
					"$(inherited)",
				);
				GCC_WARN_64_TO_32_BIT_CONVERSION = YES;
				GCC_WARN_ABOUT_RETURN_TYPE = YES_ERROR;
				GCC_WARN_UNDECLARED_SELECTOR = YES;
				GCC_WARN_UNINITIALIZED_AUTOS = YES_AGGRESSIVE;
				GCC_WARN_UNUSED_FUNCTION = YES;
				GCC_WARN_UNUSED_VARIABLE = YES;
				IPHONEOS_DEPLOYMENT_TARGET = 15.4;
				MTL_ENABLE_DEBUG_INFO = INCLUDE_SOURCE;
				MTL_FAST_MATH = YES;
				ONLY_ACTIVE_ARCH = YES;
				SDKROOT = iphoneos;
				SWIFT_ACTIVE_COMPILATION_CONDITIONS = DEBUG;
				SWIFT_OPTIMIZATION_LEVEL = "-Onone";
			};
			name = Debug;
		};
		D28826B128200935004DBC8F /* Release */ = {
			isa = XCBuildConfiguration;
			buildSettings = {
				ALWAYS_SEARCH_USER_PATHS = NO;
				CLANG_ANALYZER_NONNULL = YES;
				CLANG_ANALYZER_NUMBER_OBJECT_CONVERSION = YES_AGGRESSIVE;
				CLANG_CXX_LANGUAGE_STANDARD = "gnu++17";
				CLANG_ENABLE_MODULES = YES;
				CLANG_ENABLE_OBJC_ARC = YES;
				CLANG_ENABLE_OBJC_WEAK = YES;
				CLANG_WARN_BLOCK_CAPTURE_AUTORELEASING = YES;
				CLANG_WARN_BOOL_CONVERSION = YES;
				CLANG_WARN_COMMA = YES;
				CLANG_WARN_CONSTANT_CONVERSION = YES;
				CLANG_WARN_DEPRECATED_OBJC_IMPLEMENTATIONS = YES;
				CLANG_WARN_DIRECT_OBJC_ISA_USAGE = YES_ERROR;
				CLANG_WARN_DOCUMENTATION_COMMENTS = YES;
				CLANG_WARN_EMPTY_BODY = YES;
				CLANG_WARN_ENUM_CONVERSION = YES;
				CLANG_WARN_INFINITE_RECURSION = YES;
				CLANG_WARN_INT_CONVERSION = YES;
				CLANG_WARN_NON_LITERAL_NULL_CONVERSION = YES;
				CLANG_WARN_OBJC_IMPLICIT_RETAIN_SELF = YES;
				CLANG_WARN_OBJC_LITERAL_CONVERSION = YES;
				CLANG_WARN_OBJC_ROOT_CLASS = YES_ERROR;
				CLANG_WARN_QUOTED_INCLUDE_IN_FRAMEWORK_HEADER = YES;
				CLANG_WARN_RANGE_LOOP_ANALYSIS = YES;
				CLANG_WARN_STRICT_PROTOTYPES = YES;
				CLANG_WARN_SUSPICIOUS_MOVE = YES;
				CLANG_WARN_UNGUARDED_AVAILABILITY = YES_AGGRESSIVE;
				CLANG_WARN_UNREACHABLE_CODE = YES;
				CLANG_WARN__DUPLICATE_METHOD_MATCH = YES;
				COPY_PHASE_STRIP = NO;
				DEBUG_INFORMATION_FORMAT = "dwarf-with-dsym";
				ENABLE_NS_ASSERTIONS = NO;
				ENABLE_STRICT_OBJC_MSGSEND = YES;
				GCC_C_LANGUAGE_STANDARD = gnu11;
				GCC_NO_COMMON_BLOCKS = YES;
				GCC_WARN_64_TO_32_BIT_CONVERSION = YES;
				GCC_WARN_ABOUT_RETURN_TYPE = YES_ERROR;
				GCC_WARN_UNDECLARED_SELECTOR = YES;
				GCC_WARN_UNINITIALIZED_AUTOS = YES_AGGRESSIVE;
				GCC_WARN_UNUSED_FUNCTION = YES;
				GCC_WARN_UNUSED_VARIABLE = YES;
				IPHONEOS_DEPLOYMENT_TARGET = 15.4;
				MTL_ENABLE_DEBUG_INFO = NO;
				MTL_FAST_MATH = YES;
				SDKROOT = iphoneos;
				SWIFT_COMPILATION_MODE = wholemodule;
				SWIFT_OPTIMIZATION_LEVEL = "-O";
				VALIDATE_PRODUCT = YES;
			};
			name = Release;
		};
		D28826B328200935004DBC8F /* Debug */ = {
			isa = XCBuildConfiguration;
			baseConfigurationReference = 11676FAC28BF1FD321E6737C /* Pods-LittlePinkBook.debug.xcconfig */;
			buildSettings = {
				ASSETCATALOG_COMPILER_APPICON_NAME = AppIcon;
				ASSETCATALOG_COMPILER_GLOBAL_ACCENT_COLOR_NAME = AccentColor;
				CODE_SIGN_STYLE = Automatic;
				CURRENT_PROJECT_VERSION = 1;
				DEVELOPMENT_TEAM = NAL2Z6BE95;
				GENERATE_INFOPLIST_FILE = YES;
				INFOPLIST_FILE = LittlePinkBook/Info.plist;
				INFOPLIST_KEY_CFBundleDisplayName = "小粉书";
				INFOPLIST_KEY_UIApplicationSupportsIndirectInputEvents = YES;
				INFOPLIST_KEY_UILaunchStoryboardName = LaunchScreen;
				INFOPLIST_KEY_UIMainStoryboardFile = Main;
				INFOPLIST_KEY_UISupportedInterfaceOrientations = UIInterfaceOrientationPortrait;
				INFOPLIST_KEY_UISupportedInterfaceOrientations_iPad = "UIInterfaceOrientationPortrait UIInterfaceOrientationPortraitUpsideDown UIInterfaceOrientationLandscapeLeft UIInterfaceOrientationLandscapeRight";
				INFOPLIST_KEY_UISupportedInterfaceOrientations_iPhone = "UIInterfaceOrientationPortrait UIInterfaceOrientationLandscapeLeft UIInterfaceOrientationLandscapeRight";
				IPHONEOS_DEPLOYMENT_TARGET = 14.1;
				LD_RUNPATH_SEARCH_PATHS = (
					"$(inherited)",
					"@executable_path/Frameworks",
				);
				MARKETING_VERSION = 1.0;
				PRODUCT_BUNDLE_IDENTIFIER = com.evan.littleRed.LittlePinkBook;
				PRODUCT_NAME = "$(TARGET_NAME)";
				SWIFT_EMIT_LOC_STRINGS = YES;
				SWIFT_VERSION = 5.0;
				TARGETED_DEVICE_FAMILY = "1,2";
			};
			name = Debug;
		};
		D28826B428200935004DBC8F /* Release */ = {
			isa = XCBuildConfiguration;
			baseConfigurationReference = F6BEF428D620D74F8C98D41F /* Pods-LittlePinkBook.release.xcconfig */;
			buildSettings = {
				ASSETCATALOG_COMPILER_APPICON_NAME = AppIcon;
				ASSETCATALOG_COMPILER_GLOBAL_ACCENT_COLOR_NAME = AccentColor;
				CODE_SIGN_STYLE = Automatic;
				CURRENT_PROJECT_VERSION = 1;
				DEVELOPMENT_TEAM = NAL2Z6BE95;
				GENERATE_INFOPLIST_FILE = YES;
				INFOPLIST_FILE = LittlePinkBook/Info.plist;
				INFOPLIST_KEY_CFBundleDisplayName = "小粉书";
				INFOPLIST_KEY_UIApplicationSupportsIndirectInputEvents = YES;
				INFOPLIST_KEY_UILaunchStoryboardName = LaunchScreen;
				INFOPLIST_KEY_UIMainStoryboardFile = Main;
				INFOPLIST_KEY_UISupportedInterfaceOrientations = UIInterfaceOrientationPortrait;
				INFOPLIST_KEY_UISupportedInterfaceOrientations_iPad = "UIInterfaceOrientationPortrait UIInterfaceOrientationPortraitUpsideDown UIInterfaceOrientationLandscapeLeft UIInterfaceOrientationLandscapeRight";
				INFOPLIST_KEY_UISupportedInterfaceOrientations_iPhone = "UIInterfaceOrientationPortrait UIInterfaceOrientationLandscapeLeft UIInterfaceOrientationLandscapeRight";
				IPHONEOS_DEPLOYMENT_TARGET = 14.1;
				LD_RUNPATH_SEARCH_PATHS = (
					"$(inherited)",
					"@executable_path/Frameworks",
				);
				MARKETING_VERSION = 1.0;
				PRODUCT_BUNDLE_IDENTIFIER = com.evan.littleRed.LittlePinkBook;
				PRODUCT_NAME = "$(TARGET_NAME)";
				SWIFT_EMIT_LOC_STRINGS = YES;
				SWIFT_VERSION = 5.0;
				TARGETED_DEVICE_FAMILY = "1,2";
			};
			name = Release;
		};
/* End XCBuildConfiguration section */

/* Begin XCConfigurationList section */
		D288269628200934004DBC8F /* Build configuration list for PBXProject "LittlePinkBook" */ = {
			isa = XCConfigurationList;
			buildConfigurations = (
				D28826B028200935004DBC8F /* Debug */,
				D28826B128200935004DBC8F /* Release */,
			);
			defaultConfigurationIsVisible = 0;
			defaultConfigurationName = Release;
		};
		D28826B228200935004DBC8F /* Build configuration list for PBXNativeTarget "LittlePinkBook" */ = {
			isa = XCConfigurationList;
			buildConfigurations = (
				D28826B328200935004DBC8F /* Debug */,
				D28826B428200935004DBC8F /* Release */,
			);
			defaultConfigurationIsVisible = 0;
			defaultConfigurationName = Release;
		};
/* End XCConfigurationList section */

/* Begin XCVersionGroup section */
		D28826A728200934004DBC8F /* LittlePinkBook.xcdatamodeld */ = {
			isa = XCVersionGroup;
			children = (
				D28826A828200934004DBC8F /* LittlePinkBook.xcdatamodel */,
			);
			currentVersion = D28826A828200934004DBC8F /* LittlePinkBook.xcdatamodel */;
			path = LittlePinkBook.xcdatamodeld;
			sourceTree = "<group>";
			versionGroupType = wrapper.xcdatamodel;
		};
/* End XCVersionGroup section */
	};
	rootObject = D288269328200934004DBC8F /* Project object */;
}
